// !$*UTF8*$!
{
	archiveVersion = 1;
	classes = {
	};
	objectVersion = 46;
	objects = {

/* Begin PBXBuildFile section */
		4B03932D1DA7F22A00D2C1E4 /* AppDelegate.swift in Sources */ = {isa = PBXBuildFile; fileRef = 4B03932C1DA7F22A00D2C1E4 /* AppDelegate.swift */; };
		4B0393321DA7F22A00D2C1E4 /* Main.storyboard in Resources */ = {isa = PBXBuildFile; fileRef = 4B0393301DA7F22A00D2C1E4 /* Main.storyboard */; };
		4B0393341DA7F22A00D2C1E4 /* Assets.xcassets in Resources */ = {isa = PBXBuildFile; fileRef = 4B0393331DA7F22A00D2C1E4 /* Assets.xcassets */; };
		4B0393371DA7F22A00D2C1E4 /* LaunchScreen.storyboard in Resources */ = {isa = PBXBuildFile; fileRef = 4B0393351DA7F22A00D2C1E4 /* LaunchScreen.storyboard */; };
		4B0393401DA7F25A00D2C1E4 /* Student.xcdatamodeld in Sources */ = {isa = PBXBuildFile; fileRef = 4B03933E1DA7F25A00D2C1E4 /* Student.xcdatamodeld */; };
		4B0393431DA7F2EE00D2C1E4 /* Student+CoreDataProperties.swift in Sources */ = {isa = PBXBuildFile; fileRef = 4B0393411DA7F2EE00D2C1E4 /* Student+CoreDataProperties.swift */; };
		4B0393441DA7F2EE00D2C1E4 /* Student.swift in Sources */ = {isa = PBXBuildFile; fileRef = 4B0393421DA7F2EE00D2C1E4 /* Student.swift */; };
		4B0393461DA7F30E00D2C1E4 /* Stack.swift in Sources */ = {isa = PBXBuildFile; fileRef = 4B0393451DA7F30E00D2C1E4 /* Stack.swift */; };
		4B0393491DA7F57A00D2C1E4 /* StudentController.swift in Sources */ = {isa = PBXBuildFile; fileRef = 4B0393481DA7F57A00D2C1E4 /* StudentController.swift */; };
		4B03934C1DA7F93200D2C1E4 /* StudentTableListTableViewController.swift in Sources */ = {isa = PBXBuildFile; fileRef = 4B03934B1DA7F93200D2C1E4 /* StudentTableListTableViewController.swift */; };
/* End PBXBuildFile section */

/* Begin PBXFileReference section */
		4B0393291DA7F22A00D2C1E4 /* Pair.app */ = {isa = PBXFileReference; explicitFileType = wrapper.application; includeInIndex = 0; path = Pair.app; sourceTree = BUILT_PRODUCTS_DIR; };
		4B03932C1DA7F22A00D2C1E4 /* AppDelegate.swift */ = {isa = PBXFileReference; lastKnownFileType = sourcecode.swift; path = AppDelegate.swift; sourceTree = "<group>"; };
		4B0393311DA7F22A00D2C1E4 /* Base */ = {isa = PBXFileReference; lastKnownFileType = file.storyboard; name = Base; path = Base.lproj/Main.storyboard; sourceTree = "<group>"; };
		4B0393331DA7F22A00D2C1E4 /* Assets.xcassets */ = {isa = PBXFileReference; lastKnownFileType = folder.assetcatalog; path = Assets.xcassets; sourceTree = "<group>"; };
		4B0393361DA7F22A00D2C1E4 /* Base */ = {isa = PBXFileReference; lastKnownFileType = file.storyboard; name = Base; path = Base.lproj/LaunchScreen.storyboard; sourceTree = "<group>"; };
		4B0393381DA7F22A00D2C1E4 /* Info.plist */ = {isa = PBXFileReference; lastKnownFileType = text.plist.xml; path = Info.plist; sourceTree = "<group>"; };
		4B03933F1DA7F25A00D2C1E4 /* Student.xcdatamodel */ = {isa = PBXFileReference; lastKnownFileType = wrapper.xcdatamodel; path = Student.xcdatamodel; sourceTree = "<group>"; };
		4B0393411DA7F2EE00D2C1E4 /* Student+CoreDataProperties.swift */ = {isa = PBXFileReference; fileEncoding = 4; lastKnownFileType = sourcecode.swift; path = "Student+CoreDataProperties.swift"; sourceTree = "<group>"; };
		4B0393421DA7F2EE00D2C1E4 /* Student.swift */ = {isa = PBXFileReference; fileEncoding = 4; lastKnownFileType = sourcecode.swift; path = Student.swift; sourceTree = "<group>"; };
		4B0393451DA7F30E00D2C1E4 /* Stack.swift */ = {isa = PBXFileReference; fileEncoding = 4; lastKnownFileType = sourcecode.swift; name = Stack.swift; path = "../../../Downloads/Task-master 3/Task/Stack.swift"; sourceTree = "<group>"; };
		4B0393481DA7F57A00D2C1E4 /* StudentController.swift */ = {isa = PBXFileReference; fileEncoding = 4; lastKnownFileType = sourcecode.swift; name = StudentController.swift; path = ../StudentController.swift; sourceTree = "<group>"; };
		4B03934B1DA7F93200D2C1E4 /* StudentTableListTableViewController.swift */ = {isa = PBXFileReference; fileEncoding = 4; lastKnownFileType = sourcecode.swift; name = StudentTableListTableViewController.swift; path = ../StudentTableListTableViewController.swift; sourceTree = "<group>"; };
/* End PBXFileReference section */

/* Begin PBXFrameworksBuildPhase section */
		4B0393261DA7F22A00D2C1E4 /* Frameworks */ = {
			isa = PBXFrameworksBuildPhase;
			buildActionMask = 2147483647;
			files = (
			);
			runOnlyForDeploymentPostprocessing = 0;
		};
/* End PBXFrameworksBuildPhase section */

/* Begin PBXGroup section */
		4B0393201DA7F22A00D2C1E4 = {
			isa = PBXGroup;
			children = (
				4B03932B1DA7F22A00D2C1E4 /* Pair */,
				4B03932A1DA7F22A00D2C1E4 /* Products */,
			);
			sourceTree = "<group>";
		};
		4B03932A1DA7F22A00D2C1E4 /* Products */ = {
			isa = PBXGroup;
			children = (
				4B0393291DA7F22A00D2C1E4 /* Pair.app */,
			);
			name = Products;
			sourceTree = "<group>";
		};
		4B03932B1DA7F22A00D2C1E4 /* Pair */ = {
			isa = PBXGroup;
			children = (
				4B0393471DA7F49600D2C1E4 /* Model */,
				4B03934A1DA7F58900D2C1E4 /* Model Controller */,
				4B03934D1DA7FD6100D2C1E4 /* View Controller */,
				4B03932C1DA7F22A00D2C1E4 /* AppDelegate.swift */,
				4B0393301DA7F22A00D2C1E4 /* Main.storyboard */,
				4B0393331DA7F22A00D2C1E4 /* Assets.xcassets */,
				4B0393351DA7F22A00D2C1E4 /* LaunchScreen.storyboard */,
				4B0393381DA7F22A00D2C1E4 /* Info.plist */,
			);
			path = Pair;
			sourceTree = "<group>";
		};
		4B0393471DA7F49600D2C1E4 /* Model */ = {
			isa = PBXGroup;
			children = (
				4B0393411DA7F2EE00D2C1E4 /* Student+CoreDataProperties.swift */,
				4B0393421DA7F2EE00D2C1E4 /* Student.swift */,
				4B0393451DA7F30E00D2C1E4 /* Stack.swift */,
				4B03933E1DA7F25A00D2C1E4 /* Student.xcdatamodeld */,
			);
			name = Model;
			path = ..;
			sourceTree = "<group>";
		};
		4B03934A1DA7F58900D2C1E4 /* Model Controller */ = {
			isa = PBXGroup;
			children = (
				4B0393481DA7F57A00D2C1E4 /* StudentController.swift */,
			);
			name = "Model Controller";
			sourceTree = "<group>";
		};
		4B03934D1DA7FD6100D2C1E4 /* View Controller */ = {
			isa = PBXGroup;
			children = (
				4B03934B1DA7F93200D2C1E4 /* StudentTableListTableViewController.swift */,
			);
			name = "View Controller";
			sourceTree = "<group>";
		};
/* End PBXGroup section */

/* Begin PBXNativeTarget section */
		4B0393281DA7F22A00D2C1E4 /* Pair */ = {
			isa = PBXNativeTarget;
			buildConfigurationList = 4B03933B1DA7F22A00D2C1E4 /* Build configuration list for PBXNativeTarget "Pair" */;
			buildPhases = (
				4B0393251DA7F22A00D2C1E4 /* Sources */,
				4B0393261DA7F22A00D2C1E4 /* Frameworks */,
				4B0393271DA7F22A00D2C1E4 /* Resources */,
			);
			buildRules = (
			);
			dependencies = (
			);
			name = Pair;
			productName = Pair;
			productReference = 4B0393291DA7F22A00D2C1E4 /* Pair.app */;
			productType = "com.apple.product-type.application";
		};
/* End PBXNativeTarget section */

/* Begin PBXProject section */
		4B0393211DA7F22A00D2C1E4 /* Project object */ = {
			isa = PBXProject;
			attributes = {
				LastSwiftUpdateCheck = 0730;
				LastUpgradeCheck = 0730;
				ORGANIZATIONNAME = "Chandi Abey ";
				TargetAttributes = {
					4B0393281DA7F22A00D2C1E4 = {
						CreatedOnToolsVersion = 7.3.1;
					};
				};
			};
			buildConfigurationList = 4B0393241DA7F22A00D2C1E4 /* Build configuration list for PBXProject "Pair" */;
			compatibilityVersion = "Xcode 3.2";
			developmentRegion = English;
			hasScannedForEncodings = 0;
			knownRegions = (
				en,
				Base,
			);
			mainGroup = 4B0393201DA7F22A00D2C1E4;
			productRefGroup = 4B03932A1DA7F22A00D2C1E4 /* Products */;
			projectDirPath = "";
			projectRoot = "";
			targets = (
				4B0393281DA7F22A00D2C1E4 /* Pair */,
			);
		};
/* End PBXProject section */

/* Begin PBXResourcesBuildPhase section */
		4B0393271DA7F22A00D2C1E4 /* Resources */ = {
			isa = PBXResourcesBuildPhase;
			buildActionMask = 2147483647;
			files = (
				4B0393371DA7F22A00D2C1E4 /* LaunchScreen.storyboard in Resources */,
				4B0393341DA7F22A00D2C1E4 /* Assets.xcassets in Resources */,
				4B0393321DA7F22A00D2C1E4 /* Main.storyboard in Resources */,
			);
			runOnlyForDeploymentPostprocessing = 0;
		};
/* End PBXResourcesBuildPhase section */

/* Begin PBXSourcesBuildPhase section */
		4B0393251DA7F22A00D2C1E4 /* Sources */ = {
			isa = PBXSourcesBuildPhase;
			buildActionMask = 2147483647;
			files = (
				4B0393491DA7F57A00D2C1E4 /* StudentController.swift in Sources */,
				4B03932D1DA7F22A00D2C1E4 /* AppDelegate.swift in Sources */,
				4B0393431DA7F2EE00D2C1E4 /* Student+CoreDataProperties.swift in Sources */,
				4B0393441DA7F2EE00D2C1E4 /* Student.swift in Sources */,
				4B0393461DA7F30E00D2C1E4 /* Stack.swift in Sources */,
				4B03934C1DA7F93200D2C1E4 /* StudentTableListTableViewController.swift in Sources */,
				4B0393401DA7F25A00D2C1E4 /* Student.xcdatamodeld in Sources */,
			);
			runOnlyForDeploymentPostprocessing = 0;
		};
/* End PBXSourcesBuildPhase section */

/* Begin PBXVariantGroup section */
		4B0393301DA7F22A00D2C1E4 /* Main.storyboard */ = {
			isa = PBXVariantGroup;
			children = (
				4B0393311DA7F22A00D2C1E4 /* Base */,
			);
			name = Main.storyboard;
			sourceTree = "<group>";
		};
		4B0393351DA7F22A00D2C1E4 /* LaunchScreen.storyboard */ = {
			isa = PBXVariantGroup;
			children = (
				4B0393361DA7F22A00D2C1E4 /* Base */,
			);
			name = LaunchScreen.storyboard;
			sourceTree = "<group>";
		};
/* End PBXVariantGroup section */

/* Begin XCBuildConfiguration section */
		4B0393391DA7F22A00D2C1E4 /* Debug */ = {
			isa = XCBuildConfiguration;
			buildSettings = {
				ALWAYS_SEARCH_USER_PATHS = NO;
				CLANG_ANALYZER_NONNULL = YES;
				CLANG_CXX_LANGUAGE_STANDARD = "gnu++0x";
				CLANG_CXX_LIBRARY = "libc++";
				CLANG_ENABLE_MODULES = YES;
				CLANG_ENABLE_OBJC_ARC = YES;
				CLANG_WARN_BOOL_CONVERSION = YES;
				CLANG_WARN_CONSTANT_CONVERSION = YES;
				CLANG_WARN_DIRECT_OBJC_ISA_USAGE = YES_ERROR;
				CLANG_WARN_EMPTY_BODY = YES;
				CLANG_WARN_ENUM_CONVERSION = YES;
				CLANG_WARN_INT_CONVERSION = YES;
				CLANG_WARN_OBJC_ROOT_CLASS = YES_ERROR;
				CLANG_WARN_UNREACHABLE_CODE = YES;
				CLANG_WARN__DUPLICATE_METHOD_MATCH = YES;
				"CODE_SIGN_IDENTITY[sdk=iphoneos*]" = "iPhone Developer";
				COPY_PHASE_STRIP = NO;
				DEBUG_INFORMATION_FORMAT = dwarf;
				ENABLE_STRICT_OBJC_MSGSEND = YES;
				ENABLE_TESTABILITY = YES;
				GCC_C_LANGUAGE_STANDARD = gnu99;
				GCC_DYNAMIC_NO_PIC = NO;
				GCC_NO_COMMON_BLOCKS = YES;
				GCC_OPTIMIZATION_LEVEL = 0;
				GCC_PREPROCESSOR_DEFINITIONS = (
					"DEBUG=1",
					"$(inherited)",
				);
				GCC_WARN_64_TO_32_BIT_CONVERSION = YES;
				GCC_WARN_ABOUT_RETURN_TYPE = YES_ERROR;
				GCC_WARN_UNDECLARED_SELECTOR = YES;
				GCC_WARN_UNINITIALIZED_AUTOS = YES_AGGRESSIVE;
				GCC_WARN_UNUSED_FUNCTION = YES;
				GCC_WARN_UNUSED_VARIABLE = YES;
				IPHONEOS_DEPLOYMENT_TARGET = 9.3;
				MTL_ENABLE_DEBUG_INFO = YES;
				ONLY_ACTIVE_ARCH = YES;
				SDKROOT = iphoneos;
				SWIFT_OPTIMIZATION_LEVEL = "-Onone";
			};
			name = Debug;
		};
		4B03933A1DA7F22A00D2C1E4 /* Release */ = {
			isa = XCBuildConfiguration;
			buildSettings = {
				ALWAYS_SEARCH_USER_PATHS = NO;
				CLANG_ANALYZER_NONNULL = YES;
				CLANG_CXX_LANGUAGE_STANDARD = "gnu++0x";
				CLANG_CXX_LIBRARY = "libc++";
				CLANG_ENABLE_MODULES = YES;
				CLANG_ENABLE_OBJC_ARC = YES;
				CLANG_WARN_BOOL_CONVERSION = YES;
				CLANG_WARN_CONSTANT_CONVERSION = YES;
				CLANG_WARN_DIRECT_OBJC_ISA_USAGE = YES_ERROR;
				CLANG_WARN_EMPTY_BODY = YES;
				CLANG_WARN_ENUM_CONVERSION = YES;
				CLANG_WARN_INT_CONVERSION = YES;
				CLANG_WARN_OBJC_ROOT_CLASS = YES_ERROR;
				CLANG_WARN_UNREACHABLE_CODE = YES;
				CLANG_WARN__DUPLICATE_METHOD_MATCH = YES;
				"CODE_SIGN_IDENTITY[sdk=iphoneos*]" = "iPhone Developer";
				COPY_PHASE_STRIP = NO;
				DEBUG_INFORMATION_FORMAT = "dwarf-with-dsym";
				ENABLE_NS_ASSERTIONS = NO;
				ENABLE_STRICT_OBJC_MSGSEND = YES;
				GCC_C_LANGUAGE_STANDARD = gnu99;
				GCC_NO_COMMON_BLOCKS = YES;
				GCC_WARN_64_TO_32_BIT_CONVERSION = YES;
				GCC_WARN_ABOUT_RETURN_TYPE = YES_ERROR;
				GCC_WARN_UNDECLARED_SELECTOR = YES;
				GCC_WARN_UNINITIALIZED_AUTOS = YES_AGGRESSIVE;
				GCC_WARN_UNUSED_FUNCTION = YES;
				GCC_WARN_UNUSED_VARIABLE = YES;
				IPHONEOS_DEPLOYMENT_TARGET = 9.3;
				MTL_ENABLE_DEBUG_INFO = NO;
				SDKROOT = iphoneos;
				VALIDATE_PRODUCT = YES;
			};
			name = Release;
		};
		4B03933C1DA7F22A00D2C1E4 /* Debug */ = {
			isa = XCBuildConfiguration;
			buildSettings = {
				ASSETCATALOG_COMPILER_APPICON_NAME = AppIcon;
				INFOPLIST_FILE = Pair/Info.plist;
				LD_RUNPATH_SEARCH_PATHS = "$(inherited) @executable_path/Frameworks";
				PRODUCT_BUNDLE_IDENTIFIER = com.example.Pair;
				PRODUCT_NAME = "$(TARGET_NAME)";
			};
			name = Debug;
		};
		4B03933D1DA7F22A00D2C1E4 /* Release */ = {
			isa = XCBuildConfiguration;
			buildSettings = {
				ASSETCATALOG_COMPILER_APPICON_NAME = AppIcon;
				INFOPLIST_FILE = Pair/Info.plist;
				LD_RUNPATH_SEARCH_PATHS = "$(inherited) @executable_path/Frameworks";
				PRODUCT_BUNDLE_IDENTIFIER = com.example.Pair;
				PRODUCT_NAME = "$(TARGET_NAME)";
			};
			name = Release;
		};
/* End XCBuildConfiguration section */

/* Begin XCConfigurationList section */
		4B0393241DA7F22A00D2C1E4 /* Build configuration list for PBXProject "Pair" */ = {
			isa = XCConfigurationList;
			buildConfigurations = (
				4B0393391DA7F22A00D2C1E4 /* Debug */,
				4B03933A1DA7F22A00D2C1E4 /* Release */,
			);
			defaultConfigurationIsVisible = 0;
			defaultConfigurationName = Release;
		};
		4B03933B1DA7F22A00D2C1E4 /* Build configuration list for PBXNativeTarget "Pair" */ = {
			isa = XCConfigurationList;
			buildConfigurations = (
				4B03933C1DA7F22A00D2C1E4 /* Debug */,
				4B03933D1DA7F22A00D2C1E4 /* Release */,
			);
			defaultConfigurationIsVisible = 0;
		};
/* End XCConfigurationList section */

/* Begin XCVersionGroup section */
		4B03933E1DA7F25A00D2C1E4 /* Student.xcdatamodeld */ = {
			isa = XCVersionGroup;
			children = (
				4B03933F1DA7F25A00D2C1E4 /* Student.xcdatamodel */,
			);
			currentVersion = 4B03933F1DA7F25A00D2C1E4 /* Student.xcdatamodel */;
			name = Student.xcdatamodeld;
			path = Pair/Student.xcdatamodeld;
			sourceTree = "<group>";
			versionGroupType = wrapper.xcdatamodel;
		};
/* End XCVersionGroup section */
	};
	rootObject = 4B0393211DA7F22A00D2C1E4 /* Project object */;
}
